{
  "name": "redux-combine-reducers-lab",
  "version": "0.1.0",
  "lockfileVersion": 1,
  "requires": true,
  "dependencies": {
    "node-darwin-x64": {
      "version": "10.0.0",
      "resolved": "https://registry.npmjs.org/node-darwin-x64/-/node-darwin-x64-10.0.0.tgz",
      "integrity": "sha512-WtDKmtuiDxSqPGUPre/YimQvQry1Nn3iFiC/gM9Zb3ptBvJffFDTMwJGfN2Ildw2H1yryAaHjPHx1ao4PSYqHw=="
    }
  }
}
